// !$*UTF8*$!
{
	archiveVersion = 1;
	classes = {
	};
	objectVersion = 46;
	objects = {

/* Begin PBXBuildFile section */
		7962CD791C5A843F00B6CE23 /* AppDelegate.swift in Sources */ = {isa = PBXBuildFile; fileRef = 7962CD781C5A843F00B6CE23 /* AppDelegate.swift */; };
		7962CD7B1C5A843F00B6CE23 /* MealViewController.swift in Sources */ = {isa = PBXBuildFile; fileRef = 7962CD7A1C5A843F00B6CE23 /* MealViewController.swift */; };
		7962CD7E1C5A843F00B6CE23 /* Main.storyboard in Resources */ = {isa = PBXBuildFile; fileRef = 7962CD7C1C5A843F00B6CE23 /* Main.storyboard */; };
		7962CD801C5A843F00B6CE23 /* Assets.xcassets in Resources */ = {isa = PBXBuildFile; fileRef = 7962CD7F1C5A843F00B6CE23 /* Assets.xcassets */; };
		7962CD831C5A843F00B6CE23 /* LaunchScreen.storyboard in Resources */ = {isa = PBXBuildFile; fileRef = 7962CD811C5A843F00B6CE23 /* LaunchScreen.storyboard */; };
		7962CD8E1C5A843F00B6CE23 /* Food_Tracker_2Tests.swift in Sources */ = {isa = PBXBuildFile; fileRef = 7962CD8D1C5A843F00B6CE23 /* Food_Tracker_2Tests.swift */; };
		7962CD991C5AC99100B6CE23 /* RatingControl.swift in Sources */ = {isa = PBXBuildFile; fileRef = 7962CD981C5AC99100B6CE23 /* RatingControl.swift */; };
		7962CD9D1C5D40BB00B6CE23 /* MealTableViewController.swift in Sources */ = {isa = PBXBuildFile; fileRef = 7962CD9C1C5D40BB00B6CE23 /* MealTableViewController.swift */; };
		796A416B1C5D5430009DDE8E /* MealTableViewCell.swift in Sources */ = {isa = PBXBuildFile; fileRef = 796A416A1C5D5430009DDE8E /* MealTableViewCell.swift */; };
		796A416D1C5D6C62009DDE8E /* MealCollectionViewController.swift in Sources */ = {isa = PBXBuildFile; fileRef = 796A416C1C5D6C62009DDE8E /* MealCollectionViewController.swift */; };
		796A416F1C5D7028009DDE8E /* Meal.swift in Sources */ = {isa = PBXBuildFile; fileRef = 796A416E1C5D7028009DDE8E /* Meal.swift */; };
/* End PBXBuildFile section */

/* Begin PBXContainerItemProxy section */
		7962CD8A1C5A843F00B6CE23 /* PBXContainerItemProxy */ = {
			isa = PBXContainerItemProxy;
			containerPortal = 7962CD6D1C5A843F00B6CE23 /* Project object */;
			proxyType = 1;
			remoteGlobalIDString = 7962CD741C5A843F00B6CE23;
			remoteInfo = "Food Tracker 2";
		};
/* End PBXContainerItemProxy section */

/* Begin PBXFileReference section */
		7962CD751C5A843F00B6CE23 /* Food Tracker 2.app */ = {isa = PBXFileReference; explicitFileType = wrapper.application; includeInIndex = 0; path = "Food Tracker 2.app"; sourceTree = BUILT_PRODUCTS_DIR; };
		7962CD781C5A843F00B6CE23 /* AppDelegate.swift */ = {isa = PBXFileReference; lastKnownFileType = sourcecode.swift; path = AppDelegate.swift; sourceTree = "<group>"; };
		7962CD7A1C5A843F00B6CE23 /* MealViewController.swift */ = {isa = PBXFileReference; lastKnownFileType = sourcecode.swift; path = MealViewController.swift; sourceTree = "<group>"; };
		7962CD7D1C5A843F00B6CE23 /* Base */ = {isa = PBXFileReference; lastKnownFileType = file.storyboard; name = Base; path = Base.lproj/Main.storyboard; sourceTree = "<group>"; };
		7962CD7F1C5A843F00B6CE23 /* Assets.xcassets */ = {isa = PBXFileReference; lastKnownFileType = folder.assetcatalog; path = Assets.xcassets; sourceTree = "<group>"; };
		7962CD821C5A843F00B6CE23 /* Base */ = {isa = PBXFileReference; lastKnownFileType = file.storyboard; name = Base; path = Base.lproj/LaunchScreen.storyboard; sourceTree = "<group>"; };
		7962CD841C5A843F00B6CE23 /* Info.plist */ = {isa = PBXFileReference; lastKnownFileType = text.plist.xml; path = Info.plist; sourceTree = "<group>"; };
		7962CD891C5A843F00B6CE23 /* Food Tracker 2Tests.xctest */ = {isa = PBXFileReference; explicitFileType = wrapper.cfbundle; includeInIndex = 0; path = "Food Tracker 2Tests.xctest"; sourceTree = BUILT_PRODUCTS_DIR; };
		7962CD8D1C5A843F00B6CE23 /* Food_Tracker_2Tests.swift */ = {isa = PBXFileReference; lastKnownFileType = sourcecode.swift; path = Food_Tracker_2Tests.swift; sourceTree = "<group>"; };
		7962CD8F1C5A843F00B6CE23 /* Info.plist */ = {isa = PBXFileReference; lastKnownFileType = text.plist.xml; path = Info.plist; sourceTree = "<group>"; };
		7962CD981C5AC99100B6CE23 /* RatingControl.swift */ = {isa = PBXFileReference; fileEncoding = 4; lastKnownFileType = sourcecode.swift; path = RatingControl.swift; sourceTree = "<group>"; };
		7962CD9C1C5D40BB00B6CE23 /* MealTableViewController.swift */ = {isa = PBXFileReference; fileEncoding = 4; lastKnownFileType = sourcecode.swift; path = MealTableViewController.swift; sourceTree = "<group>"; };
		796A416A1C5D5430009DDE8E /* MealTableViewCell.swift */ = {isa = PBXFileReference; fileEncoding = 4; lastKnownFileType = sourcecode.swift; path = MealTableViewCell.swift; sourceTree = "<group>"; };
		796A416C1C5D6C62009DDE8E /* MealCollectionViewController.swift */ = {isa = PBXFileReference; fileEncoding = 4; lastKnownFileType = sourcecode.swift; path = MealCollectionViewController.swift; sourceTree = "<group>"; };
		796A416E1C5D7028009DDE8E /* Meal.swift */ = {isa = PBXFileReference; fileEncoding = 4; lastKnownFileType = sourcecode.swift; path = Meal.swift; sourceTree = "<group>"; };
/* End PBXFileReference section */

/* Begin PBXFrameworksBuildPhase section */
		7962CD721C5A843F00B6CE23 /* Frameworks */ = {
			isa = PBXFrameworksBuildPhase;
			buildActionMask = 2147483647;
			files = (
			);
			runOnlyForDeploymentPostprocessing = 0;
		};
		7962CD861C5A843F00B6CE23 /* Frameworks */ = {
			isa = PBXFrameworksBuildPhase;
			buildActionMask = 2147483647;
			files = (
			);
			runOnlyForDeploymentPostprocessing = 0;
		};
/* End PBXFrameworksBuildPhase section */

/* Begin PBXGroup section */
		7962CD6C1C5A843F00B6CE23 = {
			isa = PBXGroup;
			children = (
				7962CD771C5A843F00B6CE23 /* Food Tracker 2 */,
				7962CD8C1C5A843F00B6CE23 /* Food Tracker 2Tests */,
				7962CD761C5A843F00B6CE23 /* Products */,
			);
			sourceTree = "<group>";
		};
		7962CD761C5A843F00B6CE23 /* Products */ = {
			isa = PBXGroup;
			children = (
				7962CD751C5A843F00B6CE23 /* Food Tracker 2.app */,
				7962CD891C5A843F00B6CE23 /* Food Tracker 2Tests.xctest */,
			);
			name = Products;
			sourceTree = "<group>";
		};
		7962CD771C5A843F00B6CE23 /* Food Tracker 2 */ = {
			isa = PBXGroup;
			children = (
				7962CD781C5A843F00B6CE23 /* AppDelegate.swift */,
				7962CD7A1C5A843F00B6CE23 /* MealViewController.swift */,
				7962CD7C1C5A843F00B6CE23 /* Main.storyboard */,
				796A416C1C5D6C62009DDE8E /* MealCollectionViewController.swift */,
				796A416A1C5D5430009DDE8E /* MealTableViewCell.swift */,
				7962CD9C1C5D40BB00B6CE23 /* MealTableViewController.swift */,
				796A416E1C5D7028009DDE8E /* Meal.swift */,
				7962CD981C5AC99100B6CE23 /* RatingControl.swift */,
				7962CD7F1C5A843F00B6CE23 /* Assets.xcassets */,
				7962CD811C5A843F00B6CE23 /* LaunchScreen.storyboard */,
				7962CD841C5A843F00B6CE23 /* Info.plist */,
			);
			path = "Food Tracker 2";
			sourceTree = "<group>";
		};
		7962CD8C1C5A843F00B6CE23 /* Food Tracker 2Tests */ = {
			isa = PBXGroup;
			children = (
				7962CD8D1C5A843F00B6CE23 /* Food_Tracker_2Tests.swift */,
				7962CD8F1C5A843F00B6CE23 /* Info.plist */,
			);
			path = "Food Tracker 2Tests";
			sourceTree = "<group>";
		};
/* End PBXGroup section */

/* Begin PBXNativeTarget section */
		7962CD741C5A843F00B6CE23 /* Food Tracker 2 */ = {
			isa = PBXNativeTarget;
			buildConfigurationList = 7962CD921C5A843F00B6CE23 /* Build configuration list for PBXNativeTarget "Food Tracker 2" */;
			buildPhases = (
				7962CD711C5A843F00B6CE23 /* Sources */,
				7962CD721C5A843F00B6CE23 /* Frameworks */,
				7962CD731C5A843F00B6CE23 /* Resources */,
			);
			buildRules = (
			);
			dependencies = (
			);
			name = "Food Tracker 2";
			productName = "Food Tracker 2";
			productReference = 7962CD751C5A843F00B6CE23 /* Food Tracker 2.app */;
			productType = "com.apple.product-type.application";
		};
		7962CD881C5A843F00B6CE23 /* Food Tracker 2Tests */ = {
			isa = PBXNativeTarget;
			buildConfigurationList = 7962CD951C5A843F00B6CE23 /* Build configuration list for PBXNativeTarget "Food Tracker 2Tests" */;
			buildPhases = (
				7962CD851C5A843F00B6CE23 /* Sources */,
				7962CD861C5A843F00B6CE23 /* Frameworks */,
				7962CD871C5A843F00B6CE23 /* Resources */,
			);
			buildRules = (
			);
			dependencies = (
				7962CD8B1C5A843F00B6CE23 /* PBXTargetDependency */,
			);
			name = "Food Tracker 2Tests";
			productName = "Food Tracker 2Tests";
			productReference = 7962CD891C5A843F00B6CE23 /* Food Tracker 2Tests.xctest */;
			productType = "com.apple.product-type.bundle.unit-test";
		};
/* End PBXNativeTarget section */

/* Begin PBXProject section */
		7962CD6D1C5A843F00B6CE23 /* Project object */ = {
			isa = PBXProject;
			attributes = {
				LastSwiftUpdateCheck = 0720;
				LastUpgradeCheck = 0720;
				ORGANIZATIONNAME = kumar.retika;
				TargetAttributes = {
					7962CD741C5A843F00B6CE23 = {
						CreatedOnToolsVersion = 7.2;
						DevelopmentTeam = 869423W42G;
					};
					7962CD881C5A843F00B6CE23 = {
						CreatedOnToolsVersion = 7.2;
						DevelopmentTeam = 869423W42G;
						TestTargetID = 7962CD741C5A843F00B6CE23;
					};
				};
			};
			buildConfigurationList = 7962CD701C5A843F00B6CE23 /* Build configuration list for PBXProject "Food Tracker 2" */;
			compatibilityVersion = "Xcode 3.2";
			developmentRegion = English;
			hasScannedForEncodings = 0;
			knownRegions = (
				en,
				Base,
			);
			mainGroup = 7962CD6C1C5A843F00B6CE23;
			productRefGroup = 7962CD761C5A843F00B6CE23 /* Products */;
			projectDirPath = "";
			projectRoot = "";
			targets = (
				7962CD741C5A843F00B6CE23 /* Food Tracker 2 */,
				7962CD881C5A843F00B6CE23 /* Food Tracker 2Tests */,
			);
		};
/* End PBXProject section */

/* Begin PBXResourcesBuildPhase section */
		7962CD731C5A843F00B6CE23 /* Resources */ = {
			isa = PBXResourcesBuildPhase;
			buildActionMask = 2147483647;
			files = (
				7962CD831C5A843F00B6CE23 /* LaunchScreen.storyboard in Resources */,
				7962CD801C5A843F00B6CE23 /* Assets.xcassets in Resources */,
				7962CD7E1C5A843F00B6CE23 /* Main.storyboard in Resources */,
			);
			runOnlyForDeploymentPostprocessing = 0;
		};
		7962CD871C5A843F00B6CE23 /* Resources */ = {
			isa = PBXResourcesBuildPhase;
			buildActionMask = 2147483647;
			files = (
			);
			runOnlyForDeploymentPostprocessing = 0;
		};
/* End PBXResourcesBuildPhase section */

/* Begin PBXSourcesBuildPhase section */
		7962CD711C5A843F00B6CE23 /* Sources */ = {
			isa = PBXSourcesBuildPhase;
			buildActionMask = 2147483647;
			files = (
				7962CD9D1C5D40BB00B6CE23 /* MealTableViewController.swift in Sources */,
				796A416D1C5D6C62009DDE8E /* MealCollectionViewController.swift in Sources */,
				796A416F1C5D7028009DDE8E /* Meal.swift in Sources */,
				7962CD7B1C5A843F00B6CE23 /* MealViewController.swift in Sources */,
				7962CD991C5AC99100B6CE23 /* RatingControl.swift in Sources */,
				7962CD791C5A843F00B6CE23 /* AppDelegate.swift in Sources */,
				796A416B1C5D5430009DDE8E /* MealTableViewCell.swift in Sources */,
			);
			runOnlyForDeploymentPostprocessing = 0;
		};
		7962CD851C5A843F00B6CE23 /* Sources */ = {
			isa = PBXSourcesBuildPhase;
			buildActionMask = 2147483647;
			files = (
				7962CD8E1C5A843F00B6CE23 /* Food_Tracker_2Tests.swift in Sources */,
			);
			runOnlyForDeploymentPostprocessing = 0;
		};
/* End PBXSourcesBuildPhase section */

/* Begin PBXTargetDependency section */
		7962CD8B1C5A843F00B6CE23 /* PBXTargetDependency */ = {
			isa = PBXTargetDependency;
			target = 7962CD741C5A843F00B6CE23 /* Food Tracker 2 */;
			targetProxy = 7962CD8A1C5A843F00B6CE23 /* PBXContainerItemProxy */;
		};
/* End PBXTargetDependency section */

/* Begin PBXVariantGroup section */
		7962CD7C1C5A843F00B6CE23 /* Main.storyboard */ = {
			isa = PBXVariantGroup;
			children = (
				7962CD7D1C5A843F00B6CE23 /* Base */,
			);
			name = Main.storyboard;
			sourceTree = "<group>";
		};
		7962CD811C5A843F00B6CE23 /* LaunchScreen.storyboard */ = {
			isa = PBXVariantGroup;
			children = (
				7962CD821C5A843F00B6CE23 /* Base */,
			);
			name = LaunchScreen.storyboard;
			sourceTree = "<group>";
		};
/* End PBXVariantGroup section */

/* Begin XCBuildConfiguration section */
		7962CD901C5A843F00B6CE23 /* Debug */ = {
			isa = XCBuildConfiguration;
			buildSettings = {
				ALWAYS_SEARCH_USER_PATHS = NO;
				CLANG_CXX_LANGUAGE_STANDARD = "gnu++0x";
				CLANG_CXX_LIBRARY = "libc++";
				CLANG_ENABLE_MODULES = YES;
				CLANG_ENABLE_OBJC_ARC = YES;
				CLANG_WARN_BOOL_CONVERSION = YES;
				CLANG_WARN_CONSTANT_CONVERSION = YES;
				CLANG_WARN_DIRECT_OBJC_ISA_USAGE = YES_ERROR;
				CLANG_WARN_EMPTY_BODY = YES;
				CLANG_WARN_ENUM_CONVERSION = YES;
				CLANG_WARN_INT_CONVERSION = YES;
				CLANG_WARN_OBJC_ROOT_CLASS = YES_ERROR;
				CLANG_WARN_UNREACHABLE_CODE = YES;
				CLANG_WARN__DUPLICATE_METHOD_MATCH = YES;
				"CODE_SIGN_IDENTITY[sdk=iphoneos*]" = "iPhone Developer";
				COPY_PHASE_STRIP = NO;
				DEBUG_INFORMATION_FORMAT = dwarf;
				ENABLE_STRICT_OBJC_MSGSEND = YES;
				ENABLE_TESTABILITY = YES;
				GCC_C_LANGUAGE_STANDARD = gnu99;
				GCC_DYNAMIC_NO_PIC = NO;
				GCC_NO_COMMON_BLOCKS = YES;
				GCC_OPTIMIZATION_LEVEL = 0;
				GCC_PREPROCESSOR_DEFINITIONS = (
					"DEBUG=1",
					"$(inherited)",
				);
				GCC_WARN_64_TO_32_BIT_CONVERSION = YES;
				GCC_WARN_ABOUT_RETURN_TYPE = YES_ERROR;
				GCC_WARN_UNDECLARED_SELECTOR = YES;
				GCC_WARN_UNINITIALIZED_AUTOS = YES_AGGRESSIVE;
				GCC_WARN_UNUSED_FUNCTION = YES;
				GCC_WARN_UNUSED_VARIABLE = YES;
				IPHONEOS_DEPLOYMENT_TARGET = 9.2;
				MTL_ENABLE_DEBUG_INFO = YES;
				ONLY_ACTIVE_ARCH = YES;
				SDKROOT = iphoneos;
				SWIFT_OPTIMIZATION_LEVEL = "-Onone";
			};
			name = Debug;
		};
		7962CD911C5A843F00B6CE23 /* Release */ = {
			isa = XCBuildConfiguration;
			buildSettings = {
				ALWAYS_SEARCH_USER_PATHS = NO;
				CLANG_CXX_LANGUAGE_STANDARD = "gnu++0x";
				CLANG_CXX_LIBRARY = "libc++";
				CLANG_ENABLE_MODULES = YES;
				CLANG_ENABLE_OBJC_ARC = YES;
				CLANG_WARN_BOOL_CONVERSION = YES;
				CLANG_WARN_CONSTANT_CONVERSION = YES;
				CLANG_WARN_DIRECT_OBJC_ISA_USAGE = YES_ERROR;
				CLANG_WARN_EMPTY_BODY = YES;
				CLANG_WARN_ENUM_CONVERSION = YES;
				CLANG_WARN_INT_CONVERSION = YES;
				CLANG_WARN_OBJC_ROOT_CLASS = YES_ERROR;
				CLANG_WARN_UNREACHABLE_CODE = YES;
				CLANG_WARN__DUPLICATE_METHOD_MATCH = YES;
				"CODE_SIGN_IDENTITY[sdk=iphoneos*]" = "iPhone Developer";
				COPY_PHASE_STRIP = NO;
				DEBUG_INFORMATION_FORMAT = "dwarf-with-dsym";
				ENABLE_NS_ASSERTIONS = NO;
				ENABLE_STRICT_OBJC_MSGSEND = YES;
				GCC_C_LANGUAGE_STANDARD = gnu99;
				GCC_NO_COMMON_BLOCKS = YES;
				GCC_WARN_64_TO_32_BIT_CONVERSION = YES;
				GCC_WARN_ABOUT_RETURN_TYPE = YES_ERROR;
				GCC_WARN_UNDECLARED_SELECTOR = YES;
				GCC_WARN_UNINITIALIZED_AUTOS = YES_AGGRESSIVE;
				GCC_WARN_UNUSED_FUNCTION = YES;
				GCC_WARN_UNUSED_VARIABLE = YES;
				IPHONEOS_DEPLOYMENT_TARGET = 9.2;
				MTL_ENABLE_DEBUG_INFO = NO;
				SDKROOT = iphoneos;
				VALIDATE_PRODUCT = YES;
			};
			name = Release;
		};
		7962CD931C5A843F00B6CE23 /* Debug */ = {
			isa = XCBuildConfiguration;
			buildSettings = {
				ASSETCATALOG_COMPILER_APPICON_NAME = AppIcon;
				INFOPLIST_FILE = "Food Tracker 2/Info.plist";
				LD_RUNPATH_SEARCH_PATHS = "$(inherited) @executable_path/Frameworks";
				PRODUCT_BUNDLE_IDENTIFIER = "com.oppfish.Food-Tracker-2";
				PRODUCT_NAME = "$(TARGET_NAME)";
			};
			name = Debug;
		};
		7962CD941C5A843F00B6CE23 /* Release */ = {
			isa = XCBuildConfiguration;
			buildSettings = {
				ASSETCATALOG_COMPILER_APPICON_NAME = AppIcon;
				INFOPLIST_FILE = "Food Tracker 2/Info.plist";
				LD_RUNPATH_SEARCH_PATHS = "$(inherited) @executable_path/Frameworks";
				PRODUCT_BUNDLE_IDENTIFIER = "com.oppfish.Food-Tracker-2";
				PRODUCT_NAME = "$(TARGET_NAME)";
			};
			name = Release;
		};
		7962CD961C5A843F00B6CE23 /* Debug */ = {
			isa = XCBuildConfiguration;
			buildSettings = {
				BUNDLE_LOADER = "$(TEST_HOST)";
				INFOPLIST_FILE = "Food Tracker 2Tests/Info.plist";
				LD_RUNPATH_SEARCH_PATHS = "$(inherited) @executable_path/Frameworks @loader_path/Frameworks";
				PRODUCT_BUNDLE_IDENTIFIER = "com.oppfish.Food-Tracker-2Tests";
				PRODUCT_NAME = "$(TARGET_NAME)";
				TEST_HOST = "$(BUILT_PRODUCTS_DIR)/Food Tracker 2.app/Food Tracker 2";
			};
			name = Debug;
		};
		7962CD971C5A843F00B6CE23 /* Release */ = {
			isa = XCBuildConfiguration;
			buildSettings = {
				BUNDLE_LOADER = "$(TEST_HOST)";
				INFOPLIST_FILE = "Food Tracker 2Tests/Info.plist";
				LD_RUNPATH_SEARCH_PATHS = "$(inherited) @executable_path/Frameworks @loader_path/Frameworks";
				PRODUCT_BUNDLE_IDENTIFIER = "com.oppfish.Food-Tracker-2Tests";
				PRODUCT_NAME = "$(TARGET_NAME)";
				TEST_HOST = "$(BUILT_PRODUCTS_DIR)/Food Tracker 2.app/Food Tracker 2";
			};
			name = Release;
		};
/* End XCBuildConfiguration section */

/* Begin XCConfigurationList section */
		7962CD701C5A843F00B6CE23 /* Build configuration list for PBXProject "Food Tracker 2" */ = {
			isa = XCConfigurationList;
			buildConfigurations = (
				7962CD901C5A843F00B6CE23 /* Debug */,
				7962CD911C5A843F00B6CE23 /* Release */,
			);
			defaultConfigurationIsVisible = 0;
			defaultConfigurationName = Release;
		};
		7962CD921C5A843F00B6CE23 /* Build configuration list for PBXNativeTarget "Food Tracker 2" */ = {
			isa = XCConfigurationList;
			buildConfigurations = (
				7962CD931C5A843F00B6CE23 /* Debug */,
				7962CD941C5A843F00B6CE23 /* Release */,
			);
			defaultConfigurationIsVisible = 0;
			defaultConfigurationName = Release;
		};
		7962CD951C5A843F00B6CE23 /* Build configuration list for PBXNativeTarget "Food Tracker 2Tests" */ = {
			isa = XCConfigurationList;
			buildConfigurations = (
				7962CD961C5A843F00B6CE23 /* Debug */,
				7962CD971C5A843F00B6CE23 /* Release */,
			);
			defaultConfigurationIsVisible = 0;
			defaultConfigurationName = Release;
		};
/* End XCConfigurationList section */
	};
	rootObject = 7962CD6D1C5A843F00B6CE23 /* Project object */;
}
